
Microsoft Visual Studio Solution File, Format Version 12.00
# Visual Studio Version 17
VisualStudioVersion = 17.5.002.0
MinimumVisualStudioVersion = 10.0.40219.1
Project("{2150E333-8FDC-42A3-9474-1A3956D46DE8}") = "kaeltebus-backend", "kaeltebus-backend", "{D6A795F3-A61A-4889-8B26-CE6DFBE5E9BF}"
EndProject
Project("{9A19103F-16F7-4668-BE54-9A1E7A4F7556}") = "kaeltebus-backend", "kaeltebus-backend\src\kaeltebus-backend.csproj", "{D5104294-D6E5-470E-9373-49DD4E90F625}"
EndProject
Project("{9A19103F-16F7-4668-BE54-9A1E7A4F7556}") = "kaeltebus-test", "kaeltebus-backend\test\kaeltebus-test.csproj", "{AF83C12A-F204-42E5-9EAC-DCDD2AF38F11}"
EndProject
Global
	GlobalSection(SolutionConfigurationPlatforms) = preSolution
		Debug|Any CPU = Debug|Any CPU
		Release|Any CPU = Release|Any CPU
	EndGlobalSection
	GlobalSection(ProjectConfigurationPlatforms) = postSolution
		{D5104294-D6E5-470E-9373-49DD4E90F625}.Debug|Any CPU.ActiveCfg = Debug|Any CPU
		{D5104294-D6E5-470E-9373-49DD4E90F625}.Debug|Any CPU.Build.0 = Debug|Any CPU
		{D5104294-D6E5-470E-9373-49DD4E90F625}.Release|Any CPU.ActiveCfg = Release|Any CPU
		{D5104294-D6E5-470E-9373-49DD4E90F625}.Release|Any CPU.Build.0 = Release|Any CPU
		{AF83C12A-F204-42E5-9EAC-DCDD2AF38F11}.Debug|Any CPU.ActiveCfg = Debug|Any CPU
		{AF83C12A-F204-42E5-9EAC-DCDD2AF38F11}.Debug|Any CPU.Build.0 = Debug|Any CPU
		{AF83C12A-F204-42E5-9EAC-DCDD2AF38F11}.Release|Any CPU.ActiveCfg = Release|Any CPU
		{AF83C12A-F204-42E5-9EAC-DCDD2AF38F11}.Release|Any CPU.Build.0 = Release|Any CPU
	EndGlobalSection
	GlobalSection(SolutionProperties) = preSolution
		HideSolutionNode = FALSE
	EndGlobalSection
	GlobalSection(NestedProjects) = preSolution
		{D5104294-D6E5-470E-9373-49DD4E90F625} = {D6A795F3-A61A-4889-8B26-CE6DFBE5E9BF}
		{AF83C12A-F204-42E5-9EAC-DCDD2AF38F11} = {D6A795F3-A61A-4889-8B26-CE6DFBE5E9BF}
	EndGlobalSection
	GlobalSection(ExtensibilityGlobals) = postSolution
		SolutionGuid = {2639167B-75B8-4464-924B-AFF19FB8FD3D}
	EndGlobalSection
EndGlobal
